github.com/dim13/crc24 v0.0.0-20190308110643-af7201913116 h1:Yg0Qk0ozxBmyHXaFiyAokM5Gf/uCFm7Vy+ukpFPiFVQ=
github.com/dim13/crc24 v0.0.0-20190308110643-af7201913116/go.mod h1:TejqRSRwQ36N6MSUaGN8WipY4g3bgf5HeEi9fApCxG0=
github.com/dim13/crc24 v0.0.0-20221114114818-048196ea3a4a h1:g/0I4HDmxVvD+4C/F4lTbdfC9AC39phGIPBVeeQDE30=
github.com/dim13/crc24 v0.0.0-20221114114818-048196ea3a4a/go.mod h1:TejqRSRwQ36N6MSUaGN8WipY4g3bgf5HeEi9fApCxG0=
